PODS:
  - AppAuth (2.0.0):
    - AppAuth/Core (= 2.0.0)
    - AppAuth/ExternalUserAgent (= 2.0.0)
  - AppAuth/Core (2.0.0)
  - AppAuth/ExternalUserAgent (2.0.0):
    - AppAuth/Core
  - AppCheckCore (11.2.0):
    - GoogleUtilities/Environment (~> 8.0)
    - GoogleUtilities/UserDefaults (~> 8.0)
    - PromisesObjC (~> 2.4)
  - device_info_plus (0.0.1):
    - Flutter
  - Flutter (1.0.0)
  - flutter_native_splash (0.0.1):
    - Flutter
  - flutter_secure_storage (6.0.0):
    - Flutter
  - fluttertoast (0.0.2):
    - Flutter
  - gallery_saver_plus (0.0.1):
    - Flutter
  - google_sign_in_ios (0.0.1):
    - Flutter
    - FlutterMacOS
    - GoogleSignIn (~> 9.0)
    - GTMSessionFetcher (>= 3.4.0)
  - GoogleSignIn (9.0.0):
    - AppAuth (~> 2.0)
    - AppCheckCore (~> 11.0)
    - GTMAppAuth (~> 5.0)
    - GTMSessionFetcher/Core (~> 3.3)
  - GoogleUtilities/Environment (8.1.0):
    - GoogleUtilities/Privacy
  - GoogleUtilities/Logger (8.1.0):
    - GoogleUtilities/Environment
    - GoogleUtilities/Privacy
  - GoogleUtilities/Privacy (8.1.0)
  - GoogleUtilities/UserDefaults (8.1.0):
    - GoogleUtilities/Logger
    - GoogleUtilities/Privacy
  - GTMAppAuth (5.0.0):
    - AppAuth/Core (~> 2.0)
    - GTMSessionFetcher/Core (< 4.0, >= 3.3)
  - GTMSessionFetcher (3.5.0):
    - GTMSessionFetcher/Full (= 3.5.0)
  - GTMSessionFetcher/Core (3.5.0)
  - GTMSessionFetcher/Full (3.5.0):
    - GTMSessionFetcher/Core
  - image_picker_ios (0.0.1):
    - Flutter
  - in_app_review (2.0.0):
    - Flutter
  - Mixpanel-swift (5.1.0):
    - Mixpanel-swift/Complete (= 5.1.0)
  - Mixpanel-swift/Complete (5.1.0)
  - mixpanel_flutter (2.4.4):
    - Flutter
    - Mixpanel-swift (= 5.1.0)
  - package_info_plus (0.4.5):
    - Flutter
  - path_provider_foundation (0.0.1):
    - Flutter
    - FlutterMacOS
  - PromisesObjC (2.4.0)
  - purchases_flutter (9.1.0):
    - Flutter
    - PurchasesHybridCommon (= 16.0.2)
  - purchases_ui_flutter (9.1.0):
    - Flutter
    - PurchasesHybridCommonUI (= 16.0.2)
  - PurchasesHybridCommon (16.0.2):
    - RevenueCat (= 5.33.1)
  - PurchasesHybridCommonUI (16.0.2):
    - PurchasesHybridCommon (= 16.0.2)
    - RevenueCatUI (= 5.33.1)
  - RevenueCat (5.33.1)
  - RevenueCatUI (5.33.1):
    - RevenueCat (= 5.33.1)
  - share_plus (0.0.1):
    - Flutter
  - shared_preferences_foundation (0.0.1):
    - Flutter
    - FlutterMacOS
  - sign_in_with_apple (0.0.1):
    - Flutter
  - sqflite_darwin (0.0.4):
    - Flutter
    - FlutterMacOS
  - url_launcher_ios (0.0.1):
    - Flutter
  - video_player_avfoundation (0.0.1):
    - Flutter
    - FlutterMacOS

DEPENDENCIES:
  - device_info_plus (from `.symlinks/plugins/device_info_plus/ios`)
  - Flutter (from `Flutter`)
  - flutter_native_splash (from `.symlinks/plugins/flutter_native_splash/ios`)
  - flutter_secure_storage (from `.symlinks/plugins/flutter_secure_storage/ios`)
  - fluttertoast (from `.symlinks/plugins/fluttertoast/ios`)
  - gallery_saver_plus (from `.symlinks/plugins/gallery_saver_plus/ios`)
  - google_sign_in_ios (from `.symlinks/plugins/google_sign_in_ios/darwin`)
  - image_picker_ios (from `.symlinks/plugins/image_picker_ios/ios`)
  - in_app_review (from `.symlinks/plugins/in_app_review/ios`)
  - mixpanel_flutter (from `.symlinks/plugins/mixpanel_flutter/ios`)
  - package_info_plus (from `.symlinks/plugins/package_info_plus/ios`)
  - path_provider_foundation (from `.symlinks/plugins/path_provider_foundation/darwin`)
  - purchases_flutter (from `.symlinks/plugins/purchases_flutter/ios`)
  - purchases_ui_flutter (from `.symlinks/plugins/purchases_ui_flutter/ios`)
  - share_plus (from `.symlinks/plugins/share_plus/ios`)
  - shared_preferences_foundation (from `.symlinks/plugins/shared_preferences_foundation/darwin`)
  - sign_in_with_apple (from `.symlinks/plugins/sign_in_with_apple/ios`)
  - sqflite_darwin (from `.symlinks/plugins/sqflite_darwin/darwin`)
  - url_launcher_ios (from `.symlinks/plugins/url_launcher_ios/ios`)
  - video_player_avfoundation (from `.symlinks/plugins/video_player_avfoundation/darwin`)

SPEC REPOS:
  trunk:
    - AppAuth
    - AppCheckCore
    - GoogleSignIn
    - GoogleUtilities
    - GTMAppAuth
    - GTMSessionFetcher
    - Mixpanel-swift
    - PromisesObjC
    - PurchasesHybridCommon
    - PurchasesHybridCommonUI
    - RevenueCat
    - RevenueCatUI

EXTERNAL SOURCES:
  device_info_plus:
    :path: ".symlinks/plugins/device_info_plus/ios"
  Flutter:
    :path: Flutter
  flutter_native_splash:
    :path: ".symlinks/plugins/flutter_native_splash/ios"
  flutter_secure_storage:
    :path: ".symlinks/plugins/flutter_secure_storage/ios"
  fluttertoast:
    :path: ".symlinks/plugins/fluttertoast/ios"
  gallery_saver_plus:
    :path: ".symlinks/plugins/gallery_saver_plus/ios"
  google_sign_in_ios:
    :path: ".symlinks/plugins/google_sign_in_ios/darwin"
  image_picker_ios:
    :path: ".symlinks/plugins/image_picker_ios/ios"
  in_app_review:
    :path: ".symlinks/plugins/in_app_review/ios"
  mixpanel_flutter:
    :path: ".symlinks/plugins/mixpanel_flutter/ios"
  package_info_plus:
    :path: ".symlinks/plugins/package_info_plus/ios"
  path_provider_foundation:
    :path: ".symlinks/plugins/path_provider_foundation/darwin"
  purchases_flutter:
    :path: ".symlinks/plugins/purchases_flutter/ios"
  purchases_ui_flutter:
    :path: ".symlinks/plugins/purchases_ui_flutter/ios"
  share_plus:
    :path: ".symlinks/plugins/share_plus/ios"
  shared_preferences_foundation:
    :path: ".symlinks/plugins/shared_preferences_foundation/darwin"
  sign_in_with_apple:
    :path: ".symlinks/plugins/sign_in_with_apple/ios"
  sqflite_darwin:
    :path: ".symlinks/plugins/sqflite_darwin/darwin"
  url_launcher_ios:
    :path: ".symlinks/plugins/url_launcher_ios/ios"
  video_player_avfoundation:
    :path: ".symlinks/plugins/video_player_avfoundation/darwin"

SPEC CHECKSUMS:
  AppAuth: 1c1a8afa7e12f2ec3a294d9882dfa5ab7d3cb063
  AppCheckCore: cc8fd0a3a230ddd401f326489c99990b013f0c4f
  device_info_plus: bf2e3232933866d73fe290f2942f2156cdd10342
  Flutter: e0871f40cf51350855a761d2e70bf5af5b9b5de7
  flutter_native_splash: edf599c81f74d093a4daf8e17bd7a018854bc778
  flutter_secure_storage: d33dac7ae2ea08509be337e775f6b59f1ff45f12
  fluttertoast: 21eecd6935e7064cc1fcb733a4c5a428f3f24f0f
  gallery_saver_plus: c4b59c605df1049a02d036ef81d82972b6dfd606
  google_sign_in_ios: 4bb0e529b167cadc6ac785b6ed943c0a0a4cc1c9
  GoogleSignIn: c7f09cfbc85a1abf69187be091997c317cc33b77
  GoogleUtilities: 00c88b9a86066ef77f0da2fab05f65d7768ed8e1
  GTMAppAuth: 217a876b249c3c585a54fd6f73e6b58c4f5c4238
  GTMSessionFetcher: 5aea5ba6bd522a239e236100971f10cb71b96ab6
  image_picker_ios: c560581cceedb403a6ff17f2f816d7fea1421fc1
  in_app_review: a31b5257259646ea78e0e35fc914979b0031d011
  Mixpanel-swift: 7b26468fc0e2e521104e51d65c4bbf7cab8162f8
  mixpanel_flutter: c2bb8345c90bef15512a1b812ec800b52f8614b6
  package_info_plus: c0502532a26c7662a62a356cebe2692ec5fe4ec4
  path_provider_foundation: 2b6b4c569c0fb62ec74538f866245ac84301af46
  PromisesObjC: f5707f49cb48b9636751c5b2e7d227e43fba9f47
  purchases_flutter: 64ee2e891cdc4ed480f703f82682336da57c6fe0
  purchases_ui_flutter: 56de97bfe5f3d371ad3d59012f0cb52cb5479676
  PurchasesHybridCommon: ae7a0a6e105ecdde3e8816a004e57f0a2a7b9261
  PurchasesHybridCommonUI: f94430070f5ec1cc9513666402871dc70f42ec36
  RevenueCat: b0ed01125b05a45b8264a2951ad68acb61942038
  RevenueCatUI: e6fad6a8bec67d910da78cd171328f1104afea77
  share_plus: 8b6f8b3447e494cca5317c8c3073de39b3600d1f
  shared_preferences_foundation: fcdcbc04712aee1108ac7fda236f363274528f78
  sign_in_with_apple: f3bf75217ea4c2c8b91823f225d70230119b8440
  sqflite_darwin: 5a7236e3b501866c1c9befc6771dfd73ffb8702d
  url_launcher_ios: 5334b05cef931de560670eeae103fd3e431ac3fe
  video_player_avfoundation: 7c6c11d8470e1675df7397027218274b6d2360b3

PODFILE CHECKSUM: 251cb053df7158f337c0712f2ab29f4e0fa474ce

COCOAPODS: 1.16.2
